
Microsoft Visual Studio Solution File, Format Version 12.00
# Visual Studio 14
VisualStudioVersion = 14.0.25420.1
MinimumVisualStudioVersion = 10.0.40219.1
Project("{FAE04EC0-301F-11D3-BF4B-00C04F79EFBC}") = "ACM.BL", "ACM.BL.csproj", "{C2551D5A-B070-4F6B-9CED-52589C1303B5}"
EndProject
Project("{2150E333-8FDC-42A3-9474-1A3956D46DE8}") = "Tests", "Tests", "{AF63FACD-86A7-4D98-8A7F-C722F7DFE031}"
EndProject
Project("{FAE04EC0-301F-11D3-BF4B-00C04F79EFBC}") = "ACM.BLTest", "..\ACM.BLTest\ACM.BLTest.csproj", "{8B3CC75B-40B3-4A65-9EE0-C5E69F38EBC1}"
EndProject
Project("{FAE04EC0-301F-11D3-BF4B-00C04F79EFBC}") = "Acme.Common", "..\Acme.Common\Acme.Common.csproj", "{D15CC5C9-9378-4377-9E8E-0657B10A929C}"
EndProject
Global
	GlobalSection(SolutionConfigurationPlatforms) = preSolution
		Debug|Any CPU = Debug|Any CPU
		Release|Any CPU = Release|Any CPU
	EndGlobalSection
	GlobalSection(ProjectConfigurationPlatforms) = postSolution
		{C2551D5A-B070-4F6B-9CED-52589C1303B5}.Debug|Any CPU.ActiveCfg = Debug|Any CPU
		{C2551D5A-B070-4F6B-9CED-52589C1303B5}.Debug|Any CPU.Build.0 = Debug|Any CPU
		{C2551D5A-B070-4F6B-9CED-52589C1303B5}.Release|Any CPU.ActiveCfg = Release|Any CPU
		{C2551D5A-B070-4F6B-9CED-52589C1303B5}.Release|Any CPU.Build.0 = Release|Any CPU
		{8B3CC75B-40B3-4A65-9EE0-C5E69F38EBC1}.Debug|Any CPU.ActiveCfg = Debug|Any CPU
		{8B3CC75B-40B3-4A65-9EE0-C5E69F38EBC1}.Debug|Any CPU.Build.0 = Debug|Any CPU
		{8B3CC75B-40B3-4A65-9EE0-C5E69F38EBC1}.Release|Any CPU.ActiveCfg = Release|Any CPU
		{8B3CC75B-40B3-4A65-9EE0-C5E69F38EBC1}.Release|Any CPU.Build.0 = Release|Any CPU
		{D15CC5C9-9378-4377-9E8E-0657B10A929C}.Debug|Any CPU.ActiveCfg = Debug|Any CPU
		{D15CC5C9-9378-4377-9E8E-0657B10A929C}.Debug|Any CPU.Build.0 = Debug|Any CPU
		{D15CC5C9-9378-4377-9E8E-0657B10A929C}.Release|Any CPU.ActiveCfg = Release|Any CPU
		{D15CC5C9-9378-4377-9E8E-0657B10A929C}.Release|Any CPU.Build.0 = Release|Any CPU
	EndGlobalSection
	GlobalSection(SolutionProperties) = preSolution
		HideSolutionNode = FALSE
	EndGlobalSection
	GlobalSection(NestedProjects) = preSolution
		{8B3CC75B-40B3-4A65-9EE0-C5E69F38EBC1} = {AF63FACD-86A7-4D98-8A7F-C722F7DFE031}
	EndGlobalSection
EndGlobal
